
Microsoft Visual Studio Solution File, Format Version 12.00
# Visual Studio Version 17
VisualStudioVersion = 17.0.31903.59
MinimumVisualStudioVersion = 10.0.40219.1
Project("{2150E333-8FDC-42A3-9474-1A3956D46DE8}") = "src", "src", "{C621A898-B3AA-4D7C-BB45-66E5621B6589}"
EndProject
Project("{FAE04EC0-301F-11D3-BF4B-00C04F79EFBC}") = "SparkTray", "src\SparkTray\SparkTray.csproj", "{B624F508-2604-4352-A4BB-71A4CD0A7D86}"
EndProject
Project("{FAE04EC0-301F-11D3-BF4B-00C04F79EFBC}") = "SparkTray.Tests", "src\SparkTray.Tests\SparkTray.Tests.csproj", "{DD08EFA8-D75C-43B1-9D44-5069794803E4}"
EndProject
Global
	GlobalSection(SolutionConfigurationPlatforms) = preSolution
		Debug|Any CPU = Debug|Any CPU
		Release|Any CPU = Release|Any CPU
	EndGlobalSection
	GlobalSection(SolutionProperties) = preSolution
		HideSolutionNode = FALSE
	EndGlobalSection
	GlobalSection(ProjectConfigurationPlatforms) = postSolution
		{B624F508-2604-4352-A4BB-71A4CD0A7D86}.Debug|Any CPU.ActiveCfg = Debug|Any CPU
		{B624F508-2604-4352-A4BB-71A4CD0A7D86}.Debug|Any CPU.Build.0 = Debug|Any CPU
		{B624F508-2604-4352-A4BB-71A4CD0A7D86}.Release|Any CPU.ActiveCfg = Release|Any CPU
		{B624F508-2604-4352-A4BB-71A4CD0A7D86}.Release|Any CPU.Build.0 = Release|Any CPU
		{DD08EFA8-D75C-43B1-9D44-5069794803E4}.Debug|Any CPU.ActiveCfg = Debug|Any CPU
		{DD08EFA8-D75C-43B1-9D44-5069794803E4}.Debug|Any CPU.Build.0 = Debug|Any CPU
		{DD08EFA8-D75C-43B1-9D44-5069794803E4}.Release|Any CPU.ActiveCfg = Release|Any CPU
		{DD08EFA8-D75C-43B1-9D44-5069794803E4}.Release|Any CPU.Build.0 = Release|Any CPU
	EndGlobalSection
	GlobalSection(NestedProjects) = preSolution
		{B624F508-2604-4352-A4BB-71A4CD0A7D86} = {C621A898-B3AA-4D7C-BB45-66E5621B6589}
		{DD08EFA8-D75C-43B1-9D44-5069794803E4} = {C621A898-B3AA-4D7C-BB45-66E5621B6589}
	EndGlobalSection
EndGlobal
